
Microsoft Visual Studio Solution File, Format Version 12.00
# Visual Studio Version 16
VisualStudioVersion = 16.0.31829.152
MinimumVisualStudioVersion = 10.0.40219.1
Project("{2150E333-8FDC-42A3-9474-1A3956D46DE8}") = "commons", "commons", "{D3205BD6-F579-4A4F-8F81-0433AD664271}"
EndProject
Project("{2150E333-8FDC-42A3-9474-1A3956D46DE8}") = "host", "host", "{2DD444FC-475F-40A6-ACB0-F4BA52A22A53}"
EndProject
Project("{2150E333-8FDC-42A3-9474-1A3956D46DE8}") = "src", "src", "{4D4732D5-81C8-479B-9730-F9FE521F4322}"
EndProject
Project("{FAE04EC0-301F-11D3-BF4B-00C04F79EFBC}") = "DBHuan.Shopping.HttpApi", "host\DBHuan.Shopping.HttpApi\DBHuan.Shopping.HttpApi.csproj", "{9AC305AE-42DC-4C1B-9C45-12CA0C818CFF}"
EndProject
Project("{FAE04EC0-301F-11D3-BF4B-00C04F79EFBC}") = "DBHuan.Shopping.Infrastructure", "src\DBHuan.Shopping.Infrastructure\DBHuan.Shopping.Infrastructure.csproj", "{0CD268AC-6FA4-4744-9D77-8DDB0368C6A3}"
EndProject
Project("{FAE04EC0-301F-11D3-BF4B-00C04F79EFBC}") = "DBHuan.Shopping.Core", "src\DBHuan.Shopping.Core\DBHuan.Shopping.Core.csproj", "{96024644-4138-4E38-B7B2-F30AE093C91B}"
EndProject
Global
	GlobalSection(SolutionConfigurationPlatforms) = preSolution
		Debug|Any CPU = Debug|Any CPU
		Release|Any CPU = Release|Any CPU
	EndGlobalSection
	GlobalSection(ProjectConfigurationPlatforms) = postSolution
		{9AC305AE-42DC-4C1B-9C45-12CA0C818CFF}.Debug|Any CPU.ActiveCfg = Debug|Any CPU
		{9AC305AE-42DC-4C1B-9C45-12CA0C818CFF}.Debug|Any CPU.Build.0 = Debug|Any CPU
		{9AC305AE-42DC-4C1B-9C45-12CA0C818CFF}.Release|Any CPU.ActiveCfg = Release|Any CPU
		{9AC305AE-42DC-4C1B-9C45-12CA0C818CFF}.Release|Any CPU.Build.0 = Release|Any CPU
		{0CD268AC-6FA4-4744-9D77-8DDB0368C6A3}.Debug|Any CPU.ActiveCfg = Debug|Any CPU
		{0CD268AC-6FA4-4744-9D77-8DDB0368C6A3}.Debug|Any CPU.Build.0 = Debug|Any CPU
		{0CD268AC-6FA4-4744-9D77-8DDB0368C6A3}.Release|Any CPU.ActiveCfg = Release|Any CPU
		{0CD268AC-6FA4-4744-9D77-8DDB0368C6A3}.Release|Any CPU.Build.0 = Release|Any CPU
		{96024644-4138-4E38-B7B2-F30AE093C91B}.Debug|Any CPU.ActiveCfg = Debug|Any CPU
		{96024644-4138-4E38-B7B2-F30AE093C91B}.Debug|Any CPU.Build.0 = Debug|Any CPU
		{96024644-4138-4E38-B7B2-F30AE093C91B}.Release|Any CPU.ActiveCfg = Release|Any CPU
		{96024644-4138-4E38-B7B2-F30AE093C91B}.Release|Any CPU.Build.0 = Release|Any CPU
	EndGlobalSection
	GlobalSection(SolutionProperties) = preSolution
		HideSolutionNode = FALSE
	EndGlobalSection
	GlobalSection(NestedProjects) = preSolution
		{9AC305AE-42DC-4C1B-9C45-12CA0C818CFF} = {2DD444FC-475F-40A6-ACB0-F4BA52A22A53}
		{0CD268AC-6FA4-4744-9D77-8DDB0368C6A3} = {4D4732D5-81C8-479B-9730-F9FE521F4322}
		{96024644-4138-4E38-B7B2-F30AE093C91B} = {4D4732D5-81C8-479B-9730-F9FE521F4322}
	EndGlobalSection
	GlobalSection(ExtensibilityGlobals) = postSolution
		SolutionGuid = {1C0601D8-5A70-41CD-B566-9396DAEDA5CF}
	EndGlobalSection
EndGlobal
